
Microsoft Visual Studio Solution File, Format Version 12.00
# Visual Studio 14
VisualStudioVersion = 14.0.25123.0
MinimumVisualStudioVersion = 10.0.40219.1
Project("{FAE04EC0-301F-11D3-BF4B-00C04F79EFBC}") = "Beer.NET", "Beer.NET\Beer.NET.csproj", "{A6323A30-CA72-4366-9A0A-89F11AA4AB85}"
EndProject
Project("{FAE04EC0-301F-11D3-BF4B-00C04F79EFBC}") = "Beer.NET.Tests", "Beer.NET.Tests\Beer.NET.Tests.csproj", "{E9D6025F-A30C-4A76-870D-3289206978C1}"
EndProject
Project("{FAE04EC0-301F-11D3-BF4B-00C04F79EFBC}") = "Beer.NET.Examples", "Beer.NET.Examples\Beer.NET.Examples.csproj", "{99F1AA75-793A-4F8C-BB83-D42E83111C8A}"
EndProject
Global
	GlobalSection(SolutionConfigurationPlatforms) = preSolution
		Debug|Any CPU = Debug|Any CPU
		Release|Any CPU = Release|Any CPU
	EndGlobalSection
	GlobalSection(ProjectConfigurationPlatforms) = postSolution
		{A6323A30-CA72-4366-9A0A-89F11AA4AB85}.Debug|Any CPU.ActiveCfg = Debug|Any CPU
		{A6323A30-CA72-4366-9A0A-89F11AA4AB85}.Debug|Any CPU.Build.0 = Debug|Any CPU
		{A6323A30-CA72-4366-9A0A-89F11AA4AB85}.Release|Any CPU.ActiveCfg = Release|Any CPU
		{A6323A30-CA72-4366-9A0A-89F11AA4AB85}.Release|Any CPU.Build.0 = Release|Any CPU
		{E9D6025F-A30C-4A76-870D-3289206978C1}.Debug|Any CPU.ActiveCfg = Debug|Any CPU
		{E9D6025F-A30C-4A76-870D-3289206978C1}.Debug|Any CPU.Build.0 = Debug|Any CPU
		{E9D6025F-A30C-4A76-870D-3289206978C1}.Release|Any CPU.ActiveCfg = Release|Any CPU
		{E9D6025F-A30C-4A76-870D-3289206978C1}.Release|Any CPU.Build.0 = Release|Any CPU
		{99F1AA75-793A-4F8C-BB83-D42E83111C8A}.Debug|Any CPU.ActiveCfg = Debug|Any CPU
		{99F1AA75-793A-4F8C-BB83-D42E83111C8A}.Debug|Any CPU.Build.0 = Debug|Any CPU
		{99F1AA75-793A-4F8C-BB83-D42E83111C8A}.Release|Any CPU.ActiveCfg = Release|Any CPU
		{99F1AA75-793A-4F8C-BB83-D42E83111C8A}.Release|Any CPU.Build.0 = Release|Any CPU
	EndGlobalSection
	GlobalSection(SolutionProperties) = preSolution
		HideSolutionNode = FALSE
	EndGlobalSection
EndGlobal
